PODS:
  - Flutter (1.0.0)
  - flutter_phone_direct_caller (0.0.1):
    - Flutter
  - get_upi (0.0.1):
    - Flutter
  - location (0.0.1):
    - Flutter
  - move_to_background (0.0.1):
    - Flutter
  - path_provider_foundation (0.0.1):
    - Flutter
    - FlutterMacOS
  - phonepe_payment_sdk (1.1.0):
    - Flutter
    - PhonePePayment (= 2.7.3)
  - PhonePePayment (2.7.3)
  - screen_brightness_ios (0.1.0):
    - Flutter
  - share (0.0.1):
    - Flutter
  - shared_preferences_foundation (0.0.1):
    - Flutter
    - FlutterMacOS
  - url_launcher_ios (0.0.1):
    - Flutter
  - webview_flutter_wkwebview (0.0.1):
    - Flutter

DEPENDENCIES:
  - Flutter (from `Flutter`)
  - flutter_phone_direct_caller (from `.symlinks/plugins/flutter_phone_direct_caller/ios`)
  - get_upi (from `.symlinks/plugins/get_upi/ios`)
  - location (from `.symlinks/plugins/location/ios`)
  - move_to_background (from `.symlinks/plugins/move_to_background/ios`)
  - path_provider_foundation (from `.symlinks/plugins/path_provider_foundation/darwin`)
  - phonepe_payment_sdk (from `.symlinks/plugins/phonepe_payment_sdk/ios`)
  - screen_brightness_ios (from `.symlinks/plugins/screen_brightness_ios/ios`)
  - share (from `.symlinks/plugins/share/ios`)
  - shared_preferences_foundation (from `.symlinks/plugins/shared_preferences_foundation/darwin`)
  - url_launcher_ios (from `.symlinks/plugins/url_launcher_ios/ios`)
  - webview_flutter_wkwebview (from `.symlinks/plugins/webview_flutter_wkwebview/ios`)

SPEC REPOS:
  trunk:
    - PhonePePayment

EXTERNAL SOURCES:
  Flutter:
    :path: Flutter
  flutter_phone_direct_caller:
    :path: ".symlinks/plugins/flutter_phone_direct_caller/ios"
  get_upi:
    :path: ".symlinks/plugins/get_upi/ios"
  location:
    :path: ".symlinks/plugins/location/ios"
  move_to_background:
    :path: ".symlinks/plugins/move_to_background/ios"
  path_provider_foundation:
    :path: ".symlinks/plugins/path_provider_foundation/darwin"
  phonepe_payment_sdk:
    :path: ".symlinks/plugins/phonepe_payment_sdk/ios"
  screen_brightness_ios:
    :path: ".symlinks/plugins/screen_brightness_ios/ios"
  share:
    :path: ".symlinks/plugins/share/ios"
  shared_preferences_foundation:
    :path: ".symlinks/plugins/shared_preferences_foundation/darwin"
  url_launcher_ios:
    :path: ".symlinks/plugins/url_launcher_ios/ios"
  webview_flutter_wkwebview:
    :path: ".symlinks/plugins/webview_flutter_wkwebview/ios"

SPEC CHECKSUMS:
  Flutter: f04841e97a9d0b0a8025694d0796dd46242b2854
  flutter_phone_direct_caller: bd2ffd297f371a8a6c7bfbba0196964ffe3c4358
  get_upi: 0844bbe5b833e69bb6e21b3eb9ba072c94ed4ef0
  location: 3a2eed4dd2fab25e7b7baf2a9efefe82b512d740
  move_to_background: 39a5b79b26d577b0372cbe8a8c55e7aa9fcd3a2d
  path_provider_foundation: c68054786f1b4f3343858c1e1d0caaded73f0be9
  phonepe_payment_sdk: 62696b0fa1265e9c5111ff0af49eda3cb5d58012
  PhonePePayment: 13abece65df5d9ca6f976b001e7a91112b5c2107
  screen_brightness_ios: 715ca807df953bf676d339f11464e438143ee625
  share: 0b2c3e82132f5888bccca3351c504d0003b3b410
  shared_preferences_foundation: 986fc17f3d3251412d18b0265f9c64113a8c2472
  url_launcher_ios: 08a3dfac5fb39e8759aeb0abbd5d9480f30fc8b4
  webview_flutter_wkwebview: b7e70ef1ddded7e69c796c7390ee74180182971f

PODFILE CHECKSUM: 21b64fbb12492d731c9be90cbe0f2d328bef4b49

COCOAPODS: 1.11.3
